
Microsoft Visual Studio Solution File, Format Version 12.00
# Visual Studio Version 16
VisualStudioVersion = 16.0.31112.23
MinimumVisualStudioVersion = 10.0.40219.1
Project("{FAE04EC0-301F-11D3-BF4B-00C04F79EFBC}") = "ShopAppDemo.UI", "ShopAppDemo\ShopAppDemo.UI.csproj", "{D5D5E1A0-A838-4ED3-BD30-92E4C76B0BF7}"
EndProject
Project("{FAE04EC0-301F-11D3-BF4B-00C04F79EFBC}") = "ShopAppDemo.DAL", "ShopAppDemo.DAL\ShopAppDemo.DAL.csproj", "{62CBE7D4-BC65-4A52-A2CA-75E707C272BA}"
EndProject
Project("{FAE04EC0-301F-11D3-BF4B-00C04F79EFBC}") = "ShopAppDemo.BLL", "ShopAppDemo.BLL\ShopAppDemo.BLL.csproj", "{6C699EBD-588E-428C-BE12-AF10B81305E3}"
EndProject
Global
	GlobalSection(SolutionConfigurationPlatforms) = preSolution
		Debug|Any CPU = Debug|Any CPU
		Release|Any CPU = Release|Any CPU
	EndGlobalSection
	GlobalSection(ProjectConfigurationPlatforms) = postSolution
		{D5D5E1A0-A838-4ED3-BD30-92E4C76B0BF7}.Debug|Any CPU.ActiveCfg = Debug|Any CPU
		{D5D5E1A0-A838-4ED3-BD30-92E4C76B0BF7}.Debug|Any CPU.Build.0 = Debug|Any CPU
		{D5D5E1A0-A838-4ED3-BD30-92E4C76B0BF7}.Release|Any CPU.ActiveCfg = Release|Any CPU
		{D5D5E1A0-A838-4ED3-BD30-92E4C76B0BF7}.Release|Any CPU.Build.0 = Release|Any CPU
		{62CBE7D4-BC65-4A52-A2CA-75E707C272BA}.Debug|Any CPU.ActiveCfg = Debug|Any CPU
		{62CBE7D4-BC65-4A52-A2CA-75E707C272BA}.Debug|Any CPU.Build.0 = Debug|Any CPU
		{62CBE7D4-BC65-4A52-A2CA-75E707C272BA}.Release|Any CPU.ActiveCfg = Release|Any CPU
		{62CBE7D4-BC65-4A52-A2CA-75E707C272BA}.Release|Any CPU.Build.0 = Release|Any CPU
		{6C699EBD-588E-428C-BE12-AF10B81305E3}.Debug|Any CPU.ActiveCfg = Debug|Any CPU
		{6C699EBD-588E-428C-BE12-AF10B81305E3}.Debug|Any CPU.Build.0 = Debug|Any CPU
		{6C699EBD-588E-428C-BE12-AF10B81305E3}.Release|Any CPU.ActiveCfg = Release|Any CPU
		{6C699EBD-588E-428C-BE12-AF10B81305E3}.Release|Any CPU.Build.0 = Release|Any CPU
	EndGlobalSection
	GlobalSection(SolutionProperties) = preSolution
		HideSolutionNode = FALSE
	EndGlobalSection
	GlobalSection(ExtensibilityGlobals) = postSolution
		SolutionGuid = {3159FB59-DA5C-47FF-A663-BF7E9B1F2164}
	EndGlobalSection
EndGlobal
